
Microsoft Visual Studio Solution File, Format Version 12.00
# Visual Studio Version 16
VisualStudioVersion = 16.0.29920.165
MinimumVisualStudioVersion = 10.0.40219.1
Project("{9A19103F-16F7-4668-BE54-9A1E7A4F7556}") = "GooseGames", "GooseGames\GooseGames.csproj", "{8627C876-2EE5-4EA0-9BE7-A769717297A7}"
EndProject
Project("{9A19103F-16F7-4668-BE54-9A1E7A4F7556}") = "Entities", "Entities\Entities.csproj", "{60211AFD-1C28-4CCB-B185-7301F64D5C6C}"
EndProject
Project("{9A19103F-16F7-4668-BE54-9A1E7A4F7556}") = "RepositoryInterface", "RepositoryInterface\RepositoryInterface.csproj", "{F30D2866-9A3D-4EE9-B591-E06F5E6189FC}"
EndProject
Project("{9A19103F-16F7-4668-BE54-9A1E7A4F7556}") = "Models", "Models\Models.csproj", "{B07C18E0-E842-400B-A3D0-809CBAD0A3EB}"
EndProject
Project("{9A19103F-16F7-4668-BE54-9A1E7A4F7556}") = "GooseGames.Tests", "GooseGames.Tests\GooseGames.Tests.csproj", "{02B960AA-218C-4FCF-9DEB-AA545D096B12}"
EndProject
Project("{9A19103F-16F7-4668-BE54-9A1E7A4F7556}") = "MSSQLRepository", "MSSQLRepository\MSSQLRepository.csproj", "{5D901347-5649-4BCF-A069-F124E6FDA70C}"
EndProject
Global
	GlobalSection(SolutionConfigurationPlatforms) = preSolution
		Debug|Any CPU = Debug|Any CPU
		Release|Any CPU = Release|Any CPU
	EndGlobalSection
	GlobalSection(ProjectConfigurationPlatforms) = postSolution
		{8627C876-2EE5-4EA0-9BE7-A769717297A7}.Debug|Any CPU.ActiveCfg = Debug|Any CPU
		{8627C876-2EE5-4EA0-9BE7-A769717297A7}.Debug|Any CPU.Build.0 = Debug|Any CPU
		{8627C876-2EE5-4EA0-9BE7-A769717297A7}.Release|Any CPU.ActiveCfg = Release|Any CPU
		{8627C876-2EE5-4EA0-9BE7-A769717297A7}.Release|Any CPU.Build.0 = Release|Any CPU
		{60211AFD-1C28-4CCB-B185-7301F64D5C6C}.Debug|Any CPU.ActiveCfg = Debug|Any CPU
		{60211AFD-1C28-4CCB-B185-7301F64D5C6C}.Debug|Any CPU.Build.0 = Debug|Any CPU
		{60211AFD-1C28-4CCB-B185-7301F64D5C6C}.Release|Any CPU.ActiveCfg = Release|Any CPU
		{60211AFD-1C28-4CCB-B185-7301F64D5C6C}.Release|Any CPU.Build.0 = Release|Any CPU
		{F30D2866-9A3D-4EE9-B591-E06F5E6189FC}.Debug|Any CPU.ActiveCfg = Debug|Any CPU
		{F30D2866-9A3D-4EE9-B591-E06F5E6189FC}.Debug|Any CPU.Build.0 = Debug|Any CPU
		{F30D2866-9A3D-4EE9-B591-E06F5E6189FC}.Release|Any CPU.ActiveCfg = Release|Any CPU
		{F30D2866-9A3D-4EE9-B591-E06F5E6189FC}.Release|Any CPU.Build.0 = Release|Any CPU
		{B07C18E0-E842-400B-A3D0-809CBAD0A3EB}.Debug|Any CPU.ActiveCfg = Debug|Any CPU
		{B07C18E0-E842-400B-A3D0-809CBAD0A3EB}.Debug|Any CPU.Build.0 = Debug|Any CPU
		{B07C18E0-E842-400B-A3D0-809CBAD0A3EB}.Release|Any CPU.ActiveCfg = Release|Any CPU
		{B07C18E0-E842-400B-A3D0-809CBAD0A3EB}.Release|Any CPU.Build.0 = Release|Any CPU
		{02B960AA-218C-4FCF-9DEB-AA545D096B12}.Debug|Any CPU.ActiveCfg = Debug|Any CPU
		{02B960AA-218C-4FCF-9DEB-AA545D096B12}.Debug|Any CPU.Build.0 = Debug|Any CPU
		{02B960AA-218C-4FCF-9DEB-AA545D096B12}.Release|Any CPU.ActiveCfg = Release|Any CPU
		{02B960AA-218C-4FCF-9DEB-AA545D096B12}.Release|Any CPU.Build.0 = Release|Any CPU
		{5D901347-5649-4BCF-A069-F124E6FDA70C}.Debug|Any CPU.ActiveCfg = Debug|Any CPU
		{5D901347-5649-4BCF-A069-F124E6FDA70C}.Debug|Any CPU.Build.0 = Debug|Any CPU
		{5D901347-5649-4BCF-A069-F124E6FDA70C}.Release|Any CPU.ActiveCfg = Release|Any CPU
		{5D901347-5649-4BCF-A069-F124E6FDA70C}.Release|Any CPU.Build.0 = Release|Any CPU
	EndGlobalSection
	GlobalSection(SolutionProperties) = preSolution
		HideSolutionNode = FALSE
	EndGlobalSection
	GlobalSection(ExtensibilityGlobals) = postSolution
		SolutionGuid = {C42FE700-DEAA-4EF6-8A01-507877EB6AF5}
	EndGlobalSection
EndGlobal
